
Microsoft Visual Studio Solution File, Format Version 12.00
# Visual Studio Version 16
VisualStudioVersion = 16.0.31112.23
MinimumVisualStudioVersion = 10.0.40219.1
Project("{FAE04EC0-301F-11D3-BF4B-00C04F79EFBC}") = "FliqloWPF", "src/FliqloWPF.csproj", "{DE024AD2-AED0-47DB-AC10-494367D8D46D}"
EndProject
Global
	GlobalSection(SolutionConfigurationPlatforms) = preSolution
		Debug|Any CPU = Debug|Any CPU
		Release|Any CPU = Release|Any CPU
	EndGlobalSection
	GlobalSection(ProjectConfigurationPlatforms) = postSolution
		{DE024AD2-AED0-47DB-AC10-494367D8D46D}.Debug|Any CPU.ActiveCfg = Debug|Any CPU
		{DE024AD2-AED0-47DB-AC10-494367D8D46D}.Debug|Any CPU.Build.0 = Debug|Any CPU
		{DE024AD2-AED0-47DB-AC10-494367D8D46D}.Release|Any CPU.ActiveCfg = Release|Any CPU
		{DE024AD2-AED0-47DB-AC10-494367D8D46D}.Release|Any CPU.Build.0 = Release|Any CPU
	EndGlobalSection
	GlobalSection(SolutionProperties) = preSolution
		HideSolutionNode = FALSE
	EndGlobalSection
	GlobalSection(ExtensibilityGlobals) = postSolution
		SolutionGuid = {D906194D-675F-44C9-9E9B-AF97A69EF9F4}
	EndGlobalSection
EndGlobal
